// !$*UTF8*$!
{
	archiveVersion = 1;
	classes = {
	};
	objectVersion = 77;
	objects = {

/* Begin PBXContainerItemProxy section */
		ABD5E1462DC84591001661C0 /* PBXContainerItemProxy */ = {
			isa = PBXContainerItemProxy;
			containerPortal = ABD5E1272DC8458E001661C0 /* Project object */;
			proxyType = 1;
			remoteGlobalIDString = ABD5E12E2DC8458E001661C0;
			remoteInfo = "Jonathan Deng PreWork";
		};
		ABD5E1502DC84591001661C0 /* PBXContainerItemProxy */ = {
			isa = PBXContainerItemProxy;
			containerPortal = ABD5E1272DC8458E001661C0 /* Project object */;
			proxyType = 1;
			remoteGlobalIDString = ABD5E12E2DC8458E001661C0;
			remoteInfo = "Jonathan Deng PreWork";
		};
/* End PBXContainerItemProxy section */

/* Begin PBXFileReference section */
		ABD5E12F2DC8458E001661C0 /* Jonathan Deng PreWork.app */ = {isa = PBXFileReference; explicitFileType = wrapper.application; includeInIndex = 0; path = "Jonathan Deng PreWork.app"; sourceTree = BUILT_PRODUCTS_DIR; };
		ABD5E1452DC84591001661C0 /* Jonathan Deng PreWorkTests.xctest */ = {isa = PBXFileReference; explicitFileType = wrapper.cfbundle; includeInIndex = 0; path = "Jonathan Deng PreWorkTests.xctest"; sourceTree = BUILT_PRODUCTS_DIR; };
		ABD5E14F2DC84591001661C0 /* Jonathan Deng PreWorkUITests.xctest */ = {isa = PBXFileReference; explicitFileType = wrapper.cfbundle; includeInIndex = 0; path = "Jonathan Deng PreWorkUITests.xctest"; sourceTree = BUILT_PRODUCTS_DIR; };
/* End PBXFileReference section */

/* Begin PBXFileSystemSynchronizedBuildFileExceptionSet section */
		ABD5E1572DC84591001661C0 /* Exceptions for "Jonathan Deng PreWork" folder in "Jonathan Deng PreWork" target */ = {
			isa = PBXFileSystemSynchronizedBuildFileExceptionSet;
			membershipExceptions = (
				Info.plist,
			);
			target = ABD5E12E2DC8458E001661C0 /* Jonathan Deng PreWork */;
		};
/* End PBXFileSystemSynchronizedBuildFileExceptionSet section */

/* Begin PBXFileSystemSynchronizedRootGroup section */
		ABD5E1312DC8458E001661C0 /* Jonathan Deng PreWork */ = {
			isa = PBXFileSystemSynchronizedRootGroup;
			exceptions = (
				ABD5E1572DC84591001661C0 /* Exceptions for "Jonathan Deng PreWork" folder in "Jonathan Deng PreWork" target */,
			);
			path = "Jonathan Deng PreWork";
			sourceTree = "<group>";
		};
		ABD5E1482DC84591001661C0 /* Jonathan Deng PreWorkTests */ = {
			isa = PBXFileSystemSynchronizedRootGroup;
			path = "Jonathan Deng PreWorkTests";
			sourceTree = "<group>";
		};
		ABD5E1522DC84591001661C0 /* Jonathan Deng PreWorkUITests */ = {
			isa = PBXFileSystemSynchronizedRootGroup;
			path = "Jonathan Deng PreWorkUITests";
			sourceTree = "<group>";
		};
/* End PBXFileSystemSynchronizedRootGroup section */

/* Begin PBXFrameworksBuildPhase section */
		ABD5E12C2DC8458E001661C0 /* Frameworks */ = {
			isa = PBXFrameworksBuildPhase;
			buildActionMask = 2147483647;
			files = (
			);
			runOnlyForDeploymentPostprocessing = 0;
		};
		ABD5E1422DC84591001661C0 /* Frameworks */ = {
			isa = PBXFrameworksBuildPhase;
			buildActionMask = 2147483647;
			files = (
			);
			runOnlyForDeploymentPostprocessing = 0;
		};
		ABD5E14C2DC84591001661C0 /* Frameworks */ = {
			isa = PBXFrameworksBuildPhase;
			buildActionMask = 2147483647;
			files = (
			);
			runOnlyForDeploymentPostprocessing = 0;
		};
/* End PBXFrameworksBuildPhase section */

/* Begin PBXGroup section */
		ABD5E1262DC8458E001661C0 = {
			isa = PBXGroup;
			children = (
				ABD5E1312DC8458E001661C0 /* Jonathan Deng PreWork */,
				ABD5E1482DC84591001661C0 /* Jonathan Deng PreWorkTests */,
				ABD5E1522DC84591001661C0 /* Jonathan Deng PreWorkUITests */,
				ABD5E1302DC8458E001661C0 /* Products */,
			);
			sourceTree = "<group>";
		};
		ABD5E1302DC8458E001661C0 /* Products */ = {
			isa = PBXGroup;
			children = (
				ABD5E12F2DC8458E001661C0 /* Jonathan Deng PreWork.app */,
				ABD5E1452DC84591001661C0 /* Jonathan Deng PreWorkTests.xctest */,
				ABD5E14F2DC84591001661C0 /* Jonathan Deng PreWorkUITests.xctest */,
			);
			name = Products;
			sourceTree = "<group>";
		};
/* End PBXGroup section */

/* Begin PBXNativeTarget section */
		ABD5E12E2DC8458E001661C0 /* Jonathan Deng PreWork */ = {
			isa = PBXNativeTarget;
			buildConfigurationList = ABD5E1582DC84591001661C0 /* Build configuration list for PBXNativeTarget "Jonathan Deng PreWork" */;
			buildPhases = (
				ABD5E12B2DC8458E001661C0 /* Sources */,
				ABD5E12C2DC8458E001661C0 /* Frameworks */,
				ABD5E12D2DC8458E001661C0 /* Resources */,
			);
			buildRules = (
			);
			dependencies = (
			);
			fileSystemSynchronizedGroups = (
				ABD5E1312DC8458E001661C0 /* Jonathan Deng PreWork */,
			);
			name = "Jonathan Deng PreWork";
			packageProductDependencies = (
			);
			productName = "Jonathan Deng PreWork";
			productReference = ABD5E12F2DC8458E001661C0 /* Jonathan Deng PreWork.app */;
			productType = "com.apple.product-type.application";
		};
		ABD5E1442DC84591001661C0 /* Jonathan Deng PreWorkTests */ = {
			isa = PBXNativeTarget;
			buildConfigurationList = ABD5E15D2DC84591001661C0 /* Build configuration list for PBXNativeTarget "Jonathan Deng PreWorkTests" */;
			buildPhases = (
				ABD5E1412DC84591001661C0 /* Sources */,
				ABD5E1422DC84591001661C0 /* Frameworks */,
				ABD5E1432DC84591001661C0 /* Resources */,
			);
			buildRules = (
			);
			dependencies = (
				ABD5E1472DC84591001661C0 /* PBXTargetDependency */,
			);
			fileSystemSynchronizedGroups = (
				ABD5E1482DC84591001661C0 /* Jonathan Deng PreWorkTests */,
			);
			name = "Jonathan Deng PreWorkTests";
			packageProductDependencies = (
			);
			productName = "Jonathan Deng PreWorkTests";
			productReference = ABD5E1452DC84591001661C0 /* Jonathan Deng PreWorkTests.xctest */;
			productType = "com.apple.product-type.bundle.unit-test";
		};
		ABD5E14E2DC84591001661C0 /* Jonathan Deng PreWorkUITests */ = {
			isa = PBXNativeTarget;
			buildConfigurationList = ABD5E1602DC84591001661C0 /* Build configuration list for PBXNativeTarget "Jonathan Deng PreWorkUITests" */;
			buildPhases = (
				ABD5E14B2DC84591001661C0 /* Sources */,
				ABD5E14C2DC84591001661C0 /* Frameworks */,
				ABD5E14D2DC84591001661C0 /* Resources */,
			);
			buildRules = (
			);
			dependencies = (
				ABD5E1512DC84591001661C0 /* PBXTargetDependency */,
			);
			fileSystemSynchronizedGroups = (
				ABD5E1522DC84591001661C0 /* Jonathan Deng PreWorkUITests */,
			);
			name = "Jonathan Deng PreWorkUITests";
			packageProductDependencies = (
			);
			productName = "Jonathan Deng PreWorkUITests";
			productReference = ABD5E14F2DC84591001661C0 /* Jonathan Deng PreWorkUITests.xctest */;
			productType = "com.apple.product-type.bundle.ui-testing";
		};
/* End PBXNativeTarget section */

/* Begin PBXProject section */
		ABD5E1272DC8458E001661C0 /* Project object */ = {
			isa = PBXProject;
			attributes = {
				BuildIndependentTargetsInParallel = 1;
				LastSwiftUpdateCheck = 1630;
				LastUpgradeCheck = 1630;
				TargetAttributes = {
					ABD5E12E2DC8458E001661C0 = {
						CreatedOnToolsVersion = 16.3;
					};
					ABD5E1442DC84591001661C0 = {
						CreatedOnToolsVersion = 16.3;
						TestTargetID = ABD5E12E2DC8458E001661C0;
					};
					ABD5E14E2DC84591001661C0 = {
						CreatedOnToolsVersion = 16.3;
						TestTargetID = ABD5E12E2DC8458E001661C0;
					};
				};
			};
			buildConfigurationList = ABD5E12A2DC8458E001661C0 /* Build configuration list for PBXProject "Jonathan Deng PreWork" */;
			developmentRegion = en;
			hasScannedForEncodings = 0;
			knownRegions = (
				en,
				Base,
			);
			mainGroup = ABD5E1262DC8458E001661C0;
			minimizedProjectReferenceProxies = 1;
			preferredProjectObjectVersion = 77;
			productRefGroup = ABD5E1302DC8458E001661C0 /* Products */;
			projectDirPath = "";
			projectRoot = "";
			targets = (
				ABD5E12E2DC8458E001661C0 /* Jonathan Deng PreWork */,
				ABD5E1442DC84591001661C0 /* Jonathan Deng PreWorkTests */,
				ABD5E14E2DC84591001661C0 /* Jonathan Deng PreWorkUITests */,
			);
		};
/* End PBXProject section */

/* Begin PBXResourcesBuildPhase section */
		ABD5E12D2DC8458E001661C0 /* Resources */ = {
			isa = PBXResourcesBuildPhase;
			buildActionMask = 2147483647;
			files = (
			);
			runOnlyForDeploymentPostprocessing = 0;
		};
		ABD5E1432DC84591001661C0 /* Resources */ = {
			isa = PBXResourcesBuildPhase;
			buildActionMask = 2147483647;
			files = (
			);
			runOnlyForDeploymentPostprocessing = 0;
		};
		ABD5E14D2DC84591001661C0 /* Resources */ = {
			isa = PBXResourcesBuildPhase;
			buildActionMask = 2147483647;
			files = (
			);
			runOnlyForDeploymentPostprocessing = 0;
		};
/* End PBXResourcesBuildPhase section */

/* Begin PBXSourcesBuildPhase section */
		ABD5E12B2DC8458E001661C0 /* Sources */ = {
			isa = PBXSourcesBuildPhase;
			buildActionMask = 2147483647;
			files = (
			);
			runOnlyForDeploymentPostprocessing = 0;
		};
		ABD5E1412DC84591001661C0 /* Sources */ = {
			isa = PBXSourcesBuildPhase;
			buildActionMask = 2147483647;
			files = (
			);
			runOnlyForDeploymentPostprocessing = 0;
		};
		ABD5E14B2DC84591001661C0 /* Sources */ = {
			isa = PBXSourcesBuildPhase;
			buildActionMask = 2147483647;
			files = (
			);
			runOnlyForDeploymentPostprocessing = 0;
		};
/* End PBXSourcesBuildPhase section */

/* Begin PBXTargetDependency section */
		ABD5E1472DC84591001661C0 /* PBXTargetDependency */ = {
			isa = PBXTargetDependency;
			target = ABD5E12E2DC8458E001661C0 /* Jonathan Deng PreWork */;
			targetProxy = ABD5E1462DC84591001661C0 /* PBXContainerItemProxy */;
		};
		ABD5E1512DC84591001661C0 /* PBXTargetDependency */ = {
			isa = PBXTargetDependency;
			target = ABD5E12E2DC8458E001661C0 /* Jonathan Deng PreWork */;
			targetProxy = ABD5E1502DC84591001661C0 /* PBXContainerItemProxy */;
		};
/* End PBXTargetDependency section */

/* Begin XCBuildConfiguration section */
		ABD5E1592DC84591001661C0 /* Debug */ = {
			isa = XCBuildConfiguration;
			buildSettings = {
				ASSETCATALOG_COMPILER_APPICON_NAME = AppIcon;
				ASSETCATALOG_COMPILER_GLOBAL_ACCENT_COLOR_NAME = AccentColor;
				CODE_SIGN_STYLE = Automatic;
				CURRENT_PROJECT_VERSION = 1;
				GENERATE_INFOPLIST_FILE = YES;
				INFOPLIST_FILE = "Jonathan Deng PreWork/Info.plist";
				INFOPLIST_KEY_UIApplicationSupportsIndirectInputEvents = YES;
				INFOPLIST_KEY_UILaunchStoryboardName = LaunchScreen;
				INFOPLIST_KEY_UIMainStoryboardFile = Main;
				INFOPLIST_KEY_UISupportedInterfaceOrientations_iPad = "UIInterfaceOrientationPortrait UIInterfaceOrientationPortraitUpsideDown UIInterfaceOrientationLandscapeLeft UIInterfaceOrientationLandscapeRight";
				INFOPLIST_KEY_UISupportedInterfaceOrientations_iPhone = "UIInterfaceOrientationPortrait UIInterfaceOrientationLandscapeLeft UIInterfaceOrientationLandscapeRight";
				LD_RUNPATH_SEARCH_PATHS = (
					"$(inherited)",
					"@executable_path/Frameworks",
				);
				MARKETING_VERSION = 1.0;
				PRODUCT_BUNDLE_IDENTIFIER = "JD.Jonathan-Deng-PreWork";
				PRODUCT_NAME = "$(TARGET_NAME)";
				SWIFT_EMIT_LOC_STRINGS = YES;
				SWIFT_VERSION = 5.0;
				TARGETED_DEVICE_FAMILY = "1,2";
			};
			name = Debug;
		};
		ABD5E15A2DC84591001661C0 /* Release */ = {
			isa = XCBuildConfiguration;
			buildSettings = {
				ASSETCATALOG_COMPILER_APPICON_NAME = AppIcon;
				ASSETCATALOG_COMPILER_GLOBAL_ACCENT_COLOR_NAME = AccentColor;
				CODE_SIGN_STYLE = Automatic;
				CURRENT_PROJECT_VERSION = 1;
				GENERATE_INFOPLIST_FILE = YES;
				INFOPLIST_FILE = "Jonathan Deng PreWork/Info.plist";
				INFOPLIST_KEY_UIApplicationSupportsIndirectInputEvents = YES;
				INFOPLIST_KEY_UILaunchStoryboardName = LaunchScreen;
				INFOPLIST_KEY_UIMainStoryboardFile = Main;
				INFOPLIST_KEY_UISupportedInterfaceOrientations_iPad = "UIInterfaceOrientationPortrait UIInterfaceOrientationPortraitUpsideDown UIInterfaceOrientationLandscapeLeft UIInterfaceOrientationLandscapeRight";
				INFOPLIST_KEY_UISupportedInterfaceOrientations_iPhone = "UIInterfaceOrientationPortrait UIInterfaceOrientationLandscapeLeft UIInterfaceOrientationLandscapeRight";
				LD_RUNPATH_SEARCH_PATHS = (
					"$(inherited)",
					"@executable_path/Frameworks",
				);
				MARKETING_VERSION = 1.0;
				PRODUCT_BUNDLE_IDENTIFIER = "JD.Jonathan-Deng-PreWork";
				PRODUCT_NAME = "$(TARGET_NAME)";
				SWIFT_EMIT_LOC_STRINGS = YES;
				SWIFT_VERSION = 5.0;
				TARGETED_DEVICE_FAMILY = "1,2";
			};
			name = Release;
		};
		ABD5E15B2DC84591001661C0 /* Debug */ = {
			isa = XCBuildConfiguration;
			buildSettings = {
				ALWAYS_SEARCH_USER_PATHS = NO;
				ASSETCATALOG_COMPILER_GENERATE_SWIFT_ASSET_SYMBOL_EXTENSIONS = YES;
				CLANG_ANALYZER_NONNULL = YES;
				CLANG_ANALYZER_NUMBER_OBJECT_CONVERSION = YES_AGGRESSIVE;
				CLANG_CXX_LANGUAGE_STANDARD = "gnu++20";
				CLANG_ENABLE_MODULES = YES;
				CLANG_ENABLE_OBJC_ARC = YES;
				CLANG_ENABLE_OBJC_WEAK = YES;
				CLANG_WARN_BLOCK_CAPTURE_AUTORELEASING = YES;
				CLANG_WARN_BOOL_CONVERSION = YES;
				CLANG_WARN_COMMA = YES;
				CLANG_WARN_CONSTANT_CONVERSION = YES;
				CLANG_WARN_DEPRECATED_OBJC_IMPLEMENTATIONS = YES;
				CLANG_WARN_DIRECT_OBJC_ISA_USAGE = YES_ERROR;
				CLANG_WARN_DOCUMENTATION_COMMENTS = YES;
				CLANG_WARN_EMPTY_BODY = YES;
				CLANG_WARN_ENUM_CONVERSION = YES;
				CLANG_WARN_INFINITE_RECURSION = YES;
				CLANG_WARN_INT_CONVERSION = YES;
				CLANG_WARN_NON_LITERAL_NULL_CONVERSION = YES;
				CLANG_WARN_OBJC_IMPLICIT_RETAIN_SELF = YES;
				CLANG_WARN_OBJC_LITERAL_CONVERSION = YES;
				CLANG_WARN_OBJC_ROOT_CLASS = YES_ERROR;
				CLANG_WARN_QUOTED_INCLUDE_IN_FRAMEWORK_HEADER = YES;
				CLANG_WARN_RANGE_LOOP_ANALYSIS = YES;
				CLANG_WARN_STRICT_PROTOTYPES = YES;
				CLANG_WARN_SUSPICIOUS_MOVE = YES;
				CLANG_WARN_UNGUARDED_AVAILABILITY = YES_AGGRESSIVE;
				CLANG_WARN_UNREACHABLE_CODE = YES;
				CLANG_WARN__DUPLICATE_METHOD_MATCH = YES;
				COPY_PHASE_STRIP = NO;
				DEBUG_INFORMATION_FORMAT = dwarf;
				ENABLE_STRICT_OBJC_MSGSEND = YES;
				ENABLE_TESTABILITY = YES;
				ENABLE_USER_SCRIPT_SANDBOXING = YES;
				GCC_C_LANGUAGE_STANDARD = gnu17;
				GCC_DYNAMIC_NO_PIC = NO;
				GCC_NO_COMMON_BLOCKS = YES;
				GCC_OPTIMIZATION_LEVEL = 0;
				GCC_PREPROCESSOR_DEFINITIONS = (
					"DEBUG=1",
					"$(inherited)",
				);
				GCC_WARN_64_TO_32_BIT_CONVERSION = YES;
				GCC_WARN_ABOUT_RETURN_TYPE = YES_ERROR;
				GCC_WARN_UNDECLARED_SELECTOR = YES;
				GCC_WARN_UNINITIALIZED_AUTOS = YES_AGGRESSIVE;
				GCC_WARN_UNUSED_FUNCTION = YES;
				GCC_WARN_UNUSED_VARIABLE = YES;
				IPHONEOS_DEPLOYMENT_TARGET = 18.4;
				LOCALIZATION_PREFERS_STRING_CATALOGS = YES;
				MTL_ENABLE_DEBUG_INFO = INCLUDE_SOURCE;
				MTL_FAST_MATH = YES;
				ONLY_ACTIVE_ARCH = YES;
				SDKROOT = iphoneos;
				SWIFT_ACTIVE_COMPILATION_CONDITIONS = "DEBUG $(inherited)";
				SWIFT_OPTIMIZATION_LEVEL = "-Onone";
			};
			name = Debug;
		};
		ABD5E15C2DC84591001661C0 /* Release */ = {
			isa = XCBuildConfiguration;
			buildSettings = {
				ALWAYS_SEARCH_USER_PATHS = NO;
				ASSETCATALOG_COMPILER_GENERATE_SWIFT_ASSET_SYMBOL_EXTENSIONS = YES;
				CLANG_ANALYZER_NONNULL = YES;
				CLANG_ANALYZER_NUMBER_OBJECT_CONVERSION = YES_AGGRESSIVE;
				CLANG_CXX_LANGUAGE_STANDARD = "gnu++20";
				CLANG_ENABLE_MODULES = YES;
				CLANG_ENABLE_OBJC_ARC = YES;
				CLANG_ENABLE_OBJC_WEAK = YES;
				CLANG_WARN_BLOCK_CAPTURE_AUTORELEASING = YES;
				CLANG_WARN_BOOL_CONVERSION = YES;
				CLANG_WARN_COMMA = YES;
				CLANG_WARN_CONSTANT_CONVERSION = YES;
				CLANG_WARN_DEPRECATED_OBJC_IMPLEMENTATIONS = YES;
				CLANG_WARN_DIRECT_OBJC_ISA_USAGE = YES_ERROR;
				CLANG_WARN_DOCUMENTATION_COMMENTS = YES;
				CLANG_WARN_EMPTY_BODY = YES;
				CLANG_WARN_ENUM_CONVERSION = YES;
				CLANG_WARN_INFINITE_RECURSION = YES;
				CLANG_WARN_INT_CONVERSION = YES;
				CLANG_WARN_NON_LITERAL_NULL_CONVERSION = YES;
				CLANG_WARN_OBJC_IMPLICIT_RETAIN_SELF = YES;
				CLANG_WARN_OBJC_LITERAL_CONVERSION = YES;
				CLANG_WARN_OBJC_ROOT_CLASS = YES_ERROR;
				CLANG_WARN_QUOTED_INCLUDE_IN_FRAMEWORK_HEADER = YES;
				CLANG_WARN_RANGE_LOOP_ANALYSIS = YES;
				CLANG_WARN_STRICT_PROTOTYPES = YES;
				CLANG_WARN_SUSPICIOUS_MOVE = YES;
				CLANG_WARN_UNGUARDED_AVAILABILITY = YES_AGGRESSIVE;
				CLANG_WARN_UNREACHABLE_CODE = YES;
				CLANG_WARN__DUPLICATE_METHOD_MATCH = YES;
				COPY_PHASE_STRIP = NO;
				DEBUG_INFORMATION_FORMAT = "dwarf-with-dsym";
				ENABLE_NS_ASSERTIONS = NO;
				ENABLE_STRICT_OBJC_MSGSEND = YES;
				ENABLE_USER_SCRIPT_SANDBOXING = YES;
				GCC_C_LANGUAGE_STANDARD = gnu17;
				GCC_NO_COMMON_BLOCKS = YES;
				GCC_WARN_64_TO_32_BIT_CONVERSION = YES;
				GCC_WARN_ABOUT_RETURN_TYPE = YES_ERROR;
				GCC_WARN_UNDECLARED_SELECTOR = YES;
				GCC_WARN_UNINITIALIZED_AUTOS = YES_AGGRESSIVE;
				GCC_WARN_UNUSED_FUNCTION = YES;
				GCC_WARN_UNUSED_VARIABLE = YES;
				IPHONEOS_DEPLOYMENT_TARGET = 18.4;
				LOCALIZATION_PREFERS_STRING_CATALOGS = YES;
				MTL_ENABLE_DEBUG_INFO = NO;
				MTL_FAST_MATH = YES;
				SDKROOT = iphoneos;
				SWIFT_COMPILATION_MODE = wholemodule;
				VALIDATE_PRODUCT = YES;
			};
			name = Release;
		};
		ABD5E15E2DC84591001661C0 /* Debug */ = {
			isa = XCBuildConfiguration;
			buildSettings = {
				BUNDLE_LOADER = "$(TEST_HOST)";
				CODE_SIGN_STYLE = Automatic;
				CURRENT_PROJECT_VERSION = 1;
				GENERATE_INFOPLIST_FILE = YES;
				IPHONEOS_DEPLOYMENT_TARGET = 18.4;
				MARKETING_VERSION = 1.0;
				PRODUCT_BUNDLE_IDENTIFIER = "JD.Jonathan-Deng-PreWorkTests";
				PRODUCT_NAME = "$(TARGET_NAME)";
				SWIFT_EMIT_LOC_STRINGS = NO;
				SWIFT_VERSION = 5.0;
				TARGETED_DEVICE_FAMILY = "1,2";
				TEST_HOST = "$(BUILT_PRODUCTS_DIR)/Jonathan Deng PreWork.app/$(BUNDLE_EXECUTABLE_FOLDER_PATH)/Jonathan Deng PreWork";
			};
			name = Debug;
		};
		ABD5E15F2DC84591001661C0 /* Release */ = {
			isa = XCBuildConfiguration;
			buildSettings = {
				BUNDLE_LOADER = "$(TEST_HOST)";
				CODE_SIGN_STYLE = Automatic;
				CURRENT_PROJECT_VERSION = 1;
				GENERATE_INFOPLIST_FILE = YES;
				IPHONEOS_DEPLOYMENT_TARGET = 18.4;
				MARKETING_VERSION = 1.0;
				PRODUCT_BUNDLE_IDENTIFIER = "JD.Jonathan-Deng-PreWorkTests";
				PRODUCT_NAME = "$(TARGET_NAME)";
				SWIFT_EMIT_LOC_STRINGS = NO;
				SWIFT_VERSION = 5.0;
				TARGETED_DEVICE_FAMILY = "1,2";
				TEST_HOST = "$(BUILT_PRODUCTS_DIR)/Jonathan Deng PreWork.app/$(BUNDLE_EXECUTABLE_FOLDER_PATH)/Jonathan Deng PreWork";
			};
			name = Release;
		};
		ABD5E1612DC84591001661C0 /* Debug */ = {
			isa = XCBuildConfiguration;
			buildSettings = {
				CODE_SIGN_STYLE = Automatic;
				CURRENT_PROJECT_VERSION = 1;
				GENERATE_INFOPLIST_FILE = YES;
				MARKETING_VERSION = 1.0;
				PRODUCT_BUNDLE_IDENTIFIER = "JD.Jonathan-Deng-PreWorkUITests";
				PRODUCT_NAME = "$(TARGET_NAME)";
				SWIFT_EMIT_LOC_STRINGS = NO;
				SWIFT_VERSION = 5.0;
				TARGETED_DEVICE_FAMILY = "1,2";
				TEST_TARGET_NAME = "Jonathan Deng PreWork";
			};
			name = Debug;
		};
		ABD5E1622DC84591001661C0 /* Release */ = {
			isa = XCBuildConfiguration;
			buildSettings = {
				CODE_SIGN_STYLE = Automatic;
				CURRENT_PROJECT_VERSION = 1;
				GENERATE_INFOPLIST_FILE = YES;
				MARKETING_VERSION = 1.0;
				PRODUCT_BUNDLE_IDENTIFIER = "JD.Jonathan-Deng-PreWorkUITests";
				PRODUCT_NAME = "$(TARGET_NAME)";
				SWIFT_EMIT_LOC_STRINGS = NO;
				SWIFT_VERSION = 5.0;
				TARGETED_DEVICE_FAMILY = "1,2";
				TEST_TARGET_NAME = "Jonathan Deng PreWork";
			};
			name = Release;
		};
/* End XCBuildConfiguration section */

/* Begin XCConfigurationList section */
		ABD5E12A2DC8458E001661C0 /* Build configuration list for PBXProject "Jonathan Deng PreWork" */ = {
			isa = XCConfigurationList;
			buildConfigurations = (
				ABD5E15B2DC84591001661C0 /* Debug */,
				ABD5E15C2DC84591001661C0 /* Release */,
			);
			defaultConfigurationIsVisible = 0;
			defaultConfigurationName = Release;
		};
		ABD5E1582DC84591001661C0 /* Build configuration list for PBXNativeTarget "Jonathan Deng PreWork" */ = {
			isa = XCConfigurationList;
			buildConfigurations = (
				ABD5E1592DC84591001661C0 /* Debug */,
				ABD5E15A2DC84591001661C0 /* Release */,
			);
			defaultConfigurationIsVisible = 0;
			defaultConfigurationName = Release;
		};
		ABD5E15D2DC84591001661C0 /* Build configuration list for PBXNativeTarget "Jonathan Deng PreWorkTests" */ = {
			isa = XCConfigurationList;
			buildConfigurations = (
				ABD5E15E2DC84591001661C0 /* Debug */,
				ABD5E15F2DC84591001661C0 /* Release */,
			);
			defaultConfigurationIsVisible = 0;
			defaultConfigurationName = Release;
		};
		ABD5E1602DC84591001661C0 /* Build configuration list for PBXNativeTarget "Jonathan Deng PreWorkUITests" */ = {
			isa = XCConfigurationList;
			buildConfigurations = (
				ABD5E1612DC84591001661C0 /* Debug */,
				ABD5E1622DC84591001661C0 /* Release */,
			);
			defaultConfigurationIsVisible = 0;
			defaultConfigurationName = Release;
		};
/* End XCConfigurationList section */
	};
	rootObject = ABD5E1272DC8458E001661C0 /* Project object */;
}
